// !$*UTF8*$!
{
	archiveVersion = 1;
	classes = {
	};
	objectVersion = 50;
	objects = {

/* Begin PBXBuildFile section */
		3C2ED4EF24E6BB3D00CCA858 /* AppDelegate.swift in Sources */ = {isa = PBXBuildFile; fileRef = 3C2ED4EE24E6BB3D00CCA858 /* AppDelegate.swift */; };
		3C2ED4F124E6BB3D00CCA858 /* SceneDelegate.swift in Sources */ = {isa = PBXBuildFile; fileRef = 3C2ED4F024E6BB3D00CCA858 /* SceneDelegate.swift */; };
		3C2ED4F624E6BB3D00CCA858 /* Main.storyboard in Resources */ = {isa = PBXBuildFile; fileRef = 3C2ED4F424E6BB3D00CCA858 /* Main.storyboard */; };
		3C2ED4F824E6BB3D00CCA858 /* Assets.xcassets in Resources */ = {isa = PBXBuildFile; fileRef = 3C2ED4F724E6BB3D00CCA858 /* Assets.xcassets */; };
		3C2ED4FB24E6BB3D00CCA858 /* LaunchScreen.storyboard in Resources */ = {isa = PBXBuildFile; fileRef = 3C2ED4F924E6BB3D00CCA858 /* LaunchScreen.storyboard */; };
		3C2ED50324E6BCE800CCA858 /* MainTableViewController.swift in Sources */ = {isa = PBXBuildFile; fileRef = 3C2ED50224E6BCE800CCA858 /* MainTableViewController.swift */; };
		3C2ED50524E6C64300CCA858 /* RecipeTableCell.swift in Sources */ = {isa = PBXBuildFile; fileRef = 3C2ED50424E6C64300CCA858 /* RecipeTableCell.swift */; };
		3C2ED50724E6C70F00CCA858 /* CoctailModel.swift in Sources */ = {isa = PBXBuildFile; fileRef = 3C2ED50624E6C70F00CCA858 /* CoctailModel.swift */; };
		3C2ED52724E6CEFD00CCA858 /* CoctailViewController.swift in Sources */ = {isa = PBXBuildFile; fileRef = 3C2ED52624E6CEFD00CCA858 /* CoctailViewController.swift */; };
/* End PBXBuildFile section */

/* Begin PBXFileReference section */
		3C2ED4EB24E6BB3D00CCA858 /* CoctailsRecipes.app */ = {isa = PBXFileReference; explicitFileType = wrapper.application; includeInIndex = 0; path = CoctailsRecipes.app; sourceTree = BUILT_PRODUCTS_DIR; };
		3C2ED4EE24E6BB3D00CCA858 /* AppDelegate.swift */ = {isa = PBXFileReference; lastKnownFileType = sourcecode.swift; path = AppDelegate.swift; sourceTree = "<group>"; };
		3C2ED4F024E6BB3D00CCA858 /* SceneDelegate.swift */ = {isa = PBXFileReference; lastKnownFileType = sourcecode.swift; path = SceneDelegate.swift; sourceTree = "<group>"; };
		3C2ED4F524E6BB3D00CCA858 /* Base */ = {isa = PBXFileReference; lastKnownFileType = file.storyboard; name = Base; path = Base.lproj/Main.storyboard; sourceTree = "<group>"; };
		3C2ED4F724E6BB3D00CCA858 /* Assets.xcassets */ = {isa = PBXFileReference; lastKnownFileType = folder.assetcatalog; path = Assets.xcassets; sourceTree = "<group>"; };
		3C2ED4FA24E6BB3D00CCA858 /* Base */ = {isa = PBXFileReference; lastKnownFileType = file.storyboard; name = Base; path = Base.lproj/LaunchScreen.storyboard; sourceTree = "<group>"; };
		3C2ED4FC24E6BB3D00CCA858 /* Info.plist */ = {isa = PBXFileReference; lastKnownFileType = text.plist.xml; path = Info.plist; sourceTree = "<group>"; };
		3C2ED50224E6BCE800CCA858 /* MainTableViewController.swift */ = {isa = PBXFileReference; lastKnownFileType = sourcecode.swift; path = MainTableViewController.swift; sourceTree = "<group>"; };
		3C2ED50424E6C64300CCA858 /* RecipeTableCell.swift */ = {isa = PBXFileReference; lastKnownFileType = sourcecode.swift; path = RecipeTableCell.swift; sourceTree = "<group>"; };
		3C2ED50624E6C70F00CCA858 /* CoctailModel.swift */ = {isa = PBXFileReference; lastKnownFileType = sourcecode.swift; path = CoctailModel.swift; sourceTree = "<group>"; };
		3C2ED52624E6CEFD00CCA858 /* CoctailViewController.swift */ = {isa = PBXFileReference; lastKnownFileType = sourcecode.swift; path = CoctailViewController.swift; sourceTree = "<group>"; };
/* End PBXFileReference section */

/* Begin PBXFrameworksBuildPhase section */
		3C2ED4E824E6BB3D00CCA858 /* Frameworks */ = {
			isa = PBXFrameworksBuildPhase;
			buildActionMask = 2147483647;
			files = (
			);
			runOnlyForDeploymentPostprocessing = 0;
		};
/* End PBXFrameworksBuildPhase section */

/* Begin PBXGroup section */
		3C2ED4E224E6BB3C00CCA858 = {
			isa = PBXGroup;
			children = (
				3C2ED4ED24E6BB3D00CCA858 /* CoctailsRecipes */,
				3C2ED4EC24E6BB3D00CCA858 /* Products */,
			);
			sourceTree = "<group>";
		};
		3C2ED4EC24E6BB3D00CCA858 /* Products */ = {
			isa = PBXGroup;
			children = (
				3C2ED4EB24E6BB3D00CCA858 /* CoctailsRecipes.app */,
			);
			name = Products;
			sourceTree = "<group>";
		};
		3C2ED4ED24E6BB3D00CCA858 /* CoctailsRecipes */ = {
			isa = PBXGroup;
			children = (
				3C2ED4EE24E6BB3D00CCA858 /* AppDelegate.swift */,
				3C2ED4F024E6BB3D00CCA858 /* SceneDelegate.swift */,
				3C2ED50224E6BCE800CCA858 /* MainTableViewController.swift */,
				3C2ED52624E6CEFD00CCA858 /* CoctailViewController.swift */,
				3C2ED50424E6C64300CCA858 /* RecipeTableCell.swift */,
				3C2ED50624E6C70F00CCA858 /* CoctailModel.swift */,
				3C2ED4F424E6BB3D00CCA858 /* Main.storyboard */,
				3C2ED4F724E6BB3D00CCA858 /* Assets.xcassets */,
				3C2ED4F924E6BB3D00CCA858 /* LaunchScreen.storyboard */,
				3C2ED4FC24E6BB3D00CCA858 /* Info.plist */,
			);
			path = CoctailsRecipes;
			sourceTree = "<group>";
		};
/* End PBXGroup section */

/* Begin PBXNativeTarget section */
		3C2ED4EA24E6BB3D00CCA858 /* CoctailsRecipes */ = {
			isa = PBXNativeTarget;
			buildConfigurationList = 3C2ED4FF24E6BB3D00CCA858 /* Build configuration list for PBXNativeTarget "CoctailsRecipes" */;
			buildPhases = (
				3C2ED4E724E6BB3D00CCA858 /* Sources */,
				3C2ED4E824E6BB3D00CCA858 /* Frameworks */,
				3C2ED4E924E6BB3D00CCA858 /* Resources */,
			);
			buildRules = (
			);
			dependencies = (
			);
			name = CoctailsRecipes;
			productName = CoctailsRecipes;
			productReference = 3C2ED4EB24E6BB3D00CCA858 /* CoctailsRecipes.app */;
			productType = "com.apple.product-type.application";
		};
/* End PBXNativeTarget section */

/* Begin PBXProject section */
		3C2ED4E324E6BB3C00CCA858 /* Project object */ = {
			isa = PBXProject;
			attributes = {
				LastSwiftUpdateCheck = 1160;
				LastUpgradeCheck = 1200;
				ORGANIZATIONNAME = s.k.a.i;
				TargetAttributes = {
					3C2ED4EA24E6BB3D00CCA858 = {
						CreatedOnToolsVersion = 11.6;
					};
				};
			};
			buildConfigurationList = 3C2ED4E624E6BB3C00CCA858 /* Build configuration list for PBXProject "CoctailsRecipes" */;
			compatibilityVersion = "Xcode 9.3";
			developmentRegion = en;
			hasScannedForEncodings = 0;
			knownRegions = (
				en,
				Base,
			);
			mainGroup = 3C2ED4E224E6BB3C00CCA858;
			productRefGroup = 3C2ED4EC24E6BB3D00CCA858 /* Products */;
			projectDirPath = "";
			projectRoot = "";
			targets = (
				3C2ED4EA24E6BB3D00CCA858 /* CoctailsRecipes */,
			);
		};
/* End PBXProject section */

/* Begin PBXResourcesBuildPhase section */
		3C2ED4E924E6BB3D00CCA858 /* Resources */ = {
			isa = PBXResourcesBuildPhase;
			buildActionMask = 2147483647;
			files = (
				3C2ED4FB24E6BB3D00CCA858 /* LaunchScreen.storyboard in Resources */,
				3C2ED4F824E6BB3D00CCA858 /* Assets.xcassets in Resources */,
				3C2ED4F624E6BB3D00CCA858 /* Main.storyboard in Resources */,
			);
			runOnlyForDeploymentPostprocessing = 0;
		};
/* End PBXResourcesBuildPhase section */

/* Begin PBXSourcesBuildPhase section */
		3C2ED4E724E6BB3D00CCA858 /* Sources */ = {
			isa = PBXSourcesBuildPhase;
			buildActionMask = 2147483647;
			files = (
				3C2ED50524E6C64300CCA858 /* RecipeTableCell.swift in Sources */,
				3C2ED4EF24E6BB3D00CCA858 /* AppDelegate.swift in Sources */,
				3C2ED52724E6CEFD00CCA858 /* CoctailViewController.swift in Sources */,
				3C2ED50324E6BCE800CCA858 /* MainTableViewController.swift in Sources */,
				3C2ED4F124E6BB3D00CCA858 /* SceneDelegate.swift in Sources */,
				3C2ED50724E6C70F00CCA858 /* CoctailModel.swift in Sources */,
			);
			runOnlyForDeploymentPostprocessing = 0;
		};
/* End PBXSourcesBuildPhase section */

/* Begin PBXVariantGroup section */
		3C2ED4F424E6BB3D00CCA858 /* Main.storyboard */ = {
			isa = PBXVariantGroup;
			children = (
				3C2ED4F524E6BB3D00CCA858 /* Base */,
			);
			name = Main.storyboard;
			sourceTree = "<group>";
		};
		3C2ED4F924E6BB3D00CCA858 /* LaunchScreen.storyboard */ = {
			isa = PBXVariantGroup;
			children = (
				3C2ED4FA24E6BB3D00CCA858 /* Base */,
			);
			name = LaunchScreen.storyboard;
			sourceTree = "<group>";
		};
/* End PBXVariantGroup section */

/* Begin XCBuildConfiguration section */
		3C2ED4FD24E6BB3D00CCA858 /* Debug */ = {
			isa = XCBuildConfiguration;
			buildSettings = {
				ALWAYS_SEARCH_USER_PATHS = NO;
				CLANG_ANALYZER_NONNULL = YES;
				CLANG_ANALYZER_NUMBER_OBJECT_CONVERSION = YES_AGGRESSIVE;
				CLANG_CXX_LANGUAGE_STANDARD = "gnu++14";
				CLANG_CXX_LIBRARY = "libc++";
				CLANG_ENABLE_MODULES = YES;
				CLANG_ENABLE_OBJC_ARC = YES;
				CLANG_ENABLE_OBJC_WEAK = YES;
				CLANG_WARN_BLOCK_CAPTURE_AUTORELEASING = YES;
				CLANG_WARN_BOOL_CONVERSION = YES;
				CLANG_WARN_COMMA = YES;
				CLANG_WARN_CONSTANT_CONVERSION = YES;
				CLANG_WARN_DEPRECATED_OBJC_IMPLEMENTATIONS = YES;
				CLANG_WARN_DIRECT_OBJC_ISA_USAGE = YES_ERROR;
				CLANG_WARN_DOCUMENTATION_COMMENTS = YES;
				CLANG_WARN_EMPTY_BODY = YES;
				CLANG_WARN_ENUM_CONVERSION = YES;
				CLANG_WARN_INFINITE_RECURSION = YES;
				CLANG_WARN_INT_CONVERSION = YES;
				CLANG_WARN_NON_LITERAL_NULL_CONVERSION = YES;
				CLANG_WARN_OBJC_IMPLICIT_RETAIN_SELF = YES;
				CLANG_WARN_OBJC_LITERAL_CONVERSION = YES;
				CLANG_WARN_OBJC_ROOT_CLASS = YES_ERROR;
				CLANG_WARN_QUOTED_INCLUDE_IN_FRAMEWORK_HEADER = YES;
				CLANG_WARN_RANGE_LOOP_ANALYSIS = YES;
				CLANG_WARN_STRICT_PROTOTYPES = YES;
				CLANG_WARN_SUSPICIOUS_MOVE = YES;
				CLANG_WARN_UNGUARDED_AVAILABILITY = YES_AGGRESSIVE;
				CLANG_WARN_UNREACHABLE_CODE = YES;
				CLANG_WARN__DUPLICATE_METHOD_MATCH = YES;
				COPY_PHASE_STRIP = NO;
				DEBUG_INFORMATION_FORMAT = dwarf;
				ENABLE_STRICT_OBJC_MSGSEND = YES;
				ENABLE_TESTABILITY = YES;
				GCC_C_LANGUAGE_STANDARD = gnu11;
				GCC_DYNAMIC_NO_PIC = NO;
				GCC_NO_COMMON_BLOCKS = YES;
				GCC_OPTIMIZATION_LEVEL = 0;
				GCC_PREPROCESSOR_DEFINITIONS = (
					"DEBUG=1",
					"$(inherited)",
				);
				GCC_WARN_64_TO_32_BIT_CONVERSION = YES;
				GCC_WARN_ABOUT_RETURN_TYPE = YES_ERROR;
				GCC_WARN_UNDECLARED_SELECTOR = YES;
				GCC_WARN_UNINITIALIZED_AUTOS = YES_AGGRESSIVE;
				GCC_WARN_UNUSED_FUNCTION = YES;
				GCC_WARN_UNUSED_VARIABLE = YES;
				IPHONEOS_DEPLOYMENT_TARGET = 13.6;
				MTL_ENABLE_DEBUG_INFO = INCLUDE_SOURCE;
				MTL_FAST_MATH = YES;
				ONLY_ACTIVE_ARCH = YES;
				SDKROOT = iphoneos;
				SWIFT_ACTIVE_COMPILATION_CONDITIONS = DEBUG;
				SWIFT_OPTIMIZATION_LEVEL = "-Onone";
			};
			name = Debug;
		};
		3C2ED4FE24E6BB3D00CCA858 /* Release */ = {
			isa = XCBuildConfiguration;
			buildSettings = {
				ALWAYS_SEARCH_USER_PATHS = NO;
				CLANG_ANALYZER_NONNULL = YES;
				CLANG_ANALYZER_NUMBER_OBJECT_CONVERSION = YES_AGGRESSIVE;
				CLANG_CXX_LANGUAGE_STANDARD = "gnu++14";
				CLANG_CXX_LIBRARY = "libc++";
				CLANG_ENABLE_MODULES = YES;
				CLANG_ENABLE_OBJC_ARC = YES;
				CLANG_ENABLE_OBJC_WEAK = YES;
				CLANG_WARN_BLOCK_CAPTURE_AUTORELEASING = YES;
				CLANG_WARN_BOOL_CONVERSION = YES;
				CLANG_WARN_COMMA = YES;
				CLANG_WARN_CONSTANT_CONVERSION = YES;
				CLANG_WARN_DEPRECATED_OBJC_IMPLEMENTATIONS = YES;
				CLANG_WARN_DIRECT_OBJC_ISA_USAGE = YES_ERROR;
				CLANG_WARN_DOCUMENTATION_COMMENTS = YES;
				CLANG_WARN_EMPTY_BODY = YES;
				CLANG_WARN_ENUM_CONVERSION = YES;
				CLANG_WARN_INFINITE_RECURSION = YES;
				CLANG_WARN_INT_CONVERSION = YES;
				CLANG_WARN_NON_LITERAL_NULL_CONVERSION = YES;
				CLANG_WARN_OBJC_IMPLICIT_RETAIN_SELF = YES;
				CLANG_WARN_OBJC_LITERAL_CONVERSION = YES;
				CLANG_WARN_OBJC_ROOT_CLASS = YES_ERROR;
				CLANG_WARN_QUOTED_INCLUDE_IN_FRAMEWORK_HEADER = YES;
				CLANG_WARN_RANGE_LOOP_ANALYSIS = YES;
				CLANG_WARN_STRICT_PROTOTYPES = YES;
				CLANG_WARN_SUSPICIOUS_MOVE = YES;
				CLANG_WARN_UNGUARDED_AVAILABILITY = YES_AGGRESSIVE;
				CLANG_WARN_UNREACHABLE_CODE = YES;
				CLANG_WARN__DUPLICATE_METHOD_MATCH = YES;
				COPY_PHASE_STRIP = NO;
				DEBUG_INFORMATION_FORMAT = "dwarf-with-dsym";
				ENABLE_NS_ASSERTIONS = NO;
				ENABLE_STRICT_OBJC_MSGSEND = YES;
				GCC_C_LANGUAGE_STANDARD = gnu11;
				GCC_NO_COMMON_BLOCKS = YES;
				GCC_WARN_64_TO_32_BIT_CONVERSION = YES;
				GCC_WARN_ABOUT_RETURN_TYPE = YES_ERROR;
				GCC_WARN_UNDECLARED_SELECTOR = YES;
				GCC_WARN_UNINITIALIZED_AUTOS = YES_AGGRESSIVE;
				GCC_WARN_UNUSED_FUNCTION = YES;
				GCC_WARN_UNUSED_VARIABLE = YES;
				IPHONEOS_DEPLOYMENT_TARGET = 13.6;
				MTL_ENABLE_DEBUG_INFO = NO;
				MTL_FAST_MATH = YES;
				SDKROOT = iphoneos;
				SWIFT_COMPILATION_MODE = wholemodule;
				SWIFT_OPTIMIZATION_LEVEL = "-O";
				VALIDATE_PRODUCT = YES;
			};
			name = Release;
		};
		3C2ED50024E6BB3D00CCA858 /* Debug */ = {
			isa = XCBuildConfiguration;
			buildSettings = {
				ASSETCATALOG_COMPILER_APPICON_NAME = AppIcon;
				CODE_SIGN_STYLE = Automatic;
				DEVELOPMENT_TEAM = 9U247Z6T56;
				INFOPLIST_FILE = CoctailsRecipes/Info.plist;
				LD_RUNPATH_SEARCH_PATHS = (
					"$(inherited)",
					"@executable_path/Frameworks",
				);
				PRODUCT_BUNDLE_IDENTIFIER = s.k.a.i.CoctailsRecipes;
				PRODUCT_NAME = "$(TARGET_NAME)";
				SWIFT_VERSION = 5.0;
				TARGETED_DEVICE_FAMILY = 1;
			};
			name = Debug;
		};
		3C2ED50124E6BB3D00CCA858 /* Release */ = {
			isa = XCBuildConfiguration;
			buildSettings = {
				ASSETCATALOG_COMPILER_APPICON_NAME = AppIcon;
				CODE_SIGN_STYLE = Automatic;
				DEVELOPMENT_TEAM = 9U247Z6T56;
				INFOPLIST_FILE = CoctailsRecipes/Info.plist;
				LD_RUNPATH_SEARCH_PATHS = (
					"$(inherited)",
					"@executable_path/Frameworks",
				);
				PRODUCT_BUNDLE_IDENTIFIER = s.k.a.i.CoctailsRecipes;
				PRODUCT_NAME = "$(TARGET_NAME)";
				SWIFT_VERSION = 5.0;
				TARGETED_DEVICE_FAMILY = 1;
			};
			name = Release;
		};
/* End XCBuildConfiguration section */

/* Begin XCConfigurationList section */
		3C2ED4E624E6BB3C00CCA858 /* Build configuration list for PBXProject "CoctailsRecipes" */ = {
			isa = XCConfigurationList;
			buildConfigurations = (
				3C2ED4FD24E6BB3D00CCA858 /* Debug */,
				3C2ED4FE24E6BB3D00CCA858 /* Release */,
			);
			defaultConfigurationIsVisible = 0;
			defaultConfigurationName = Release;
		};
		3C2ED4FF24E6BB3D00CCA858 /* Build configuration list for PBXNativeTarget "CoctailsRecipes" */ = {
			isa = XCConfigurationList;
			buildConfigurations = (
				3C2ED50024E6BB3D00CCA858 /* Debug */,
				3C2ED50124E6BB3D00CCA858 /* Release */,
			);
			defaultConfigurationIsVisible = 0;
			defaultConfigurationName = Release;
		};
/* End XCConfigurationList section */
	};
	rootObject = 3C2ED4E324E6BB3C00CCA858 /* Project object */;
}
